github.com/gorilla/mux v1.8.1 h1:TuBL49tXwgrFYWhqrNgrUNEY92u81SPhu7sTdzQEiWY=
github.com/gorilla/mux v1.8.1/go.mod h1:AKf9I4AEqPTmMytcMc0KkNouC66V3BtZ4qD5fmWSiMQ=
github.com/jxskiss/base62 v1.1.0 h1:A5zbF8v8WXx2xixnAKD2w+abC+sIzYJX+nxmhA6HWFw=
github.com/jxskiss/base62 v1.1.0/go.mod h1:HhWAlUXvxKThfOlZbcuFzsqwtF5TcqS9ru3y5GfjWAc=
